// !$*UTF8*$!
{
	archiveVersion = 1;
	classes = {
	};
	objectVersion = 55;
	objects = {

/* Begin PBXBuildFile section */
		1813FA2628E9C07100CF00D0 /* MockURLProtocol.swift in Sources */ = {isa = PBXBuildFile; fileRef = 1813FA2528E9C07100CF00D0 /* MockURLProtocol.swift */; };
		18EA341928E97ACE00BE09AC /* SignupFormModelValidator.swift in Sources */ = {isa = PBXBuildFile; fileRef = 18EA341828E97ACE00BE09AC /* SignupFormModelValidator.swift */; };
		18EA341B28E97D3D00BE09AC /* SignupConstants.swift in Sources */ = {isa = PBXBuildFile; fileRef = 18EA341A28E97D3D00BE09AC /* SignupConstants.swift */; };
		18EA341D28E9825800BE09AC /* SingupWebServiceTests.swift in Sources */ = {isa = PBXBuildFile; fileRef = 18EA341C28E9825800BE09AC /* SingupWebServiceTests.swift */; };
		18EA341F28E982A000BE09AC /* SignupWebService.swift in Sources */ = {isa = PBXBuildFile; fileRef = 18EA341E28E982A000BE09AC /* SignupWebService.swift */; };
		18EA342128E9831000BE09AC /* SignupFormRequestModel.swift in Sources */ = {isa = PBXBuildFile; fileRef = 18EA342028E9831000BE09AC /* SignupFormRequestModel.swift */; };
		18EA342328E9842500BE09AC /* SignupResponseModel.swift in Sources */ = {isa = PBXBuildFile; fileRef = 18EA342228E9842500BE09AC /* SignupResponseModel.swift */; };
		18EA342528E9846500BE09AC /* SignupErrors.swift in Sources */ = {isa = PBXBuildFile; fileRef = 18EA342428E9846500BE09AC /* SignupErrors.swift */; };
		18EE36AC28E8B81200499BA8 /* AppDelegate.swift in Sources */ = {isa = PBXBuildFile; fileRef = 18EE36AB28E8B81200499BA8 /* AppDelegate.swift */; };
		18EE36AE28E8B81200499BA8 /* SceneDelegate.swift in Sources */ = {isa = PBXBuildFile; fileRef = 18EE36AD28E8B81200499BA8 /* SceneDelegate.swift */; };
		18EE36B028E8B81200499BA8 /* ViewController.swift in Sources */ = {isa = PBXBuildFile; fileRef = 18EE36AF28E8B81200499BA8 /* ViewController.swift */; };
		18EE36B328E8B81200499BA8 /* Main.storyboard in Resources */ = {isa = PBXBuildFile; fileRef = 18EE36B128E8B81200499BA8 /* Main.storyboard */; };
		18EE36B628E8B81200499BA8 /* PhotoApp.xcdatamodeld in Sources */ = {isa = PBXBuildFile; fileRef = 18EE36B428E8B81200499BA8 /* PhotoApp.xcdatamodeld */; };
		18EE36B828E8B81400499BA8 /* Assets.xcassets in Resources */ = {isa = PBXBuildFile; fileRef = 18EE36B728E8B81400499BA8 /* Assets.xcassets */; };
		18EE36BB28E8B81400499BA8 /* LaunchScreen.storyboard in Resources */ = {isa = PBXBuildFile; fileRef = 18EE36B928E8B81400499BA8 /* LaunchScreen.storyboard */; };
		18EE36C628E8B81500499BA8 /* SignupFormModelValidatorTests.swift in Sources */ = {isa = PBXBuildFile; fileRef = 18EE36C528E8B81500499BA8 /* SignupFormModelValidatorTests.swift */; };
		18EE36D028E8B81500499BA8 /* PhotoAppUITests.swift in Sources */ = {isa = PBXBuildFile; fileRef = 18EE36CF28E8B81500499BA8 /* PhotoAppUITests.swift */; };
		18EE36D228E8B81500499BA8 /* PhotoAppUITestsLaunchTests.swift in Sources */ = {isa = PBXBuildFile; fileRef = 18EE36D128E8B81500499BA8 /* PhotoAppUITestsLaunchTests.swift */; };
/* End PBXBuildFile section */

/* Begin PBXContainerItemProxy section */
		18EE36C228E8B81500499BA8 /* PBXContainerItemProxy */ = {
			isa = PBXContainerItemProxy;
			containerPortal = 18EE36A028E8B81200499BA8 /* Project object */;
			proxyType = 1;
			remoteGlobalIDString = 18EE36A728E8B81200499BA8;
			remoteInfo = PhotoApp;
		};
		18EE36CC28E8B81500499BA8 /* PBXContainerItemProxy */ = {
			isa = PBXContainerItemProxy;
			containerPortal = 18EE36A028E8B81200499BA8 /* Project object */;
			proxyType = 1;
			remoteGlobalIDString = 18EE36A728E8B81200499BA8;
			remoteInfo = PhotoApp;
		};
/* End PBXContainerItemProxy section */

/* Begin PBXFileReference section */
		1813FA2528E9C07100CF00D0 /* MockURLProtocol.swift */ = {isa = PBXFileReference; lastKnownFileType = sourcecode.swift; path = MockURLProtocol.swift; sourceTree = "<group>"; };
		18EA341828E97ACE00BE09AC /* SignupFormModelValidator.swift */ = {isa = PBXFileReference; lastKnownFileType = sourcecode.swift; path = SignupFormModelValidator.swift; sourceTree = "<group>"; };
		18EA341A28E97D3D00BE09AC /* SignupConstants.swift */ = {isa = PBXFileReference; lastKnownFileType = sourcecode.swift; path = SignupConstants.swift; sourceTree = "<group>"; };
		18EA341C28E9825800BE09AC /* SingupWebServiceTests.swift */ = {isa = PBXFileReference; lastKnownFileType = sourcecode.swift; path = SingupWebServiceTests.swift; sourceTree = "<group>"; };
		18EA341E28E982A000BE09AC /* SignupWebService.swift */ = {isa = PBXFileReference; lastKnownFileType = sourcecode.swift; path = SignupWebService.swift; sourceTree = "<group>"; };
		18EA342028E9831000BE09AC /* SignupFormRequestModel.swift */ = {isa = PBXFileReference; lastKnownFileType = sourcecode.swift; path = SignupFormRequestModel.swift; sourceTree = "<group>"; };
		18EA342228E9842500BE09AC /* SignupResponseModel.swift */ = {isa = PBXFileReference; lastKnownFileType = sourcecode.swift; path = SignupResponseModel.swift; sourceTree = "<group>"; };
		18EA342428E9846500BE09AC /* SignupErrors.swift */ = {isa = PBXFileReference; lastKnownFileType = sourcecode.swift; path = SignupErrors.swift; sourceTree = "<group>"; };
		18EE36A828E8B81200499BA8 /* PhotoApp.app */ = {isa = PBXFileReference; explicitFileType = wrapper.application; includeInIndex = 0; path = PhotoApp.app; sourceTree = BUILT_PRODUCTS_DIR; };
		18EE36AB28E8B81200499BA8 /* AppDelegate.swift */ = {isa = PBXFileReference; lastKnownFileType = sourcecode.swift; path = AppDelegate.swift; sourceTree = "<group>"; };
		18EE36AD28E8B81200499BA8 /* SceneDelegate.swift */ = {isa = PBXFileReference; lastKnownFileType = sourcecode.swift; path = SceneDelegate.swift; sourceTree = "<group>"; };
		18EE36AF28E8B81200499BA8 /* ViewController.swift */ = {isa = PBXFileReference; lastKnownFileType = sourcecode.swift; path = ViewController.swift; sourceTree = "<group>"; };
		18EE36B228E8B81200499BA8 /* Base */ = {isa = PBXFileReference; lastKnownFileType = file.storyboard; name = Base; path = Base.lproj/Main.storyboard; sourceTree = "<group>"; };
		18EE36B528E8B81200499BA8 /* PhotoApp.xcdatamodel */ = {isa = PBXFileReference; lastKnownFileType = wrapper.xcdatamodel; path = PhotoApp.xcdatamodel; sourceTree = "<group>"; };
		18EE36B728E8B81400499BA8 /* Assets.xcassets */ = {isa = PBXFileReference; lastKnownFileType = folder.assetcatalog; path = Assets.xcassets; sourceTree = "<group>"; };
		18EE36BA28E8B81400499BA8 /* Base */ = {isa = PBXFileReference; lastKnownFileType = file.storyboard; name = Base; path = Base.lproj/LaunchScreen.storyboard; sourceTree = "<group>"; };
		18EE36BC28E8B81400499BA8 /* Info.plist */ = {isa = PBXFileReference; lastKnownFileType = text.plist.xml; path = Info.plist; sourceTree = "<group>"; };
		18EE36C128E8B81500499BA8 /* PhotoAppTests.xctest */ = {isa = PBXFileReference; explicitFileType = wrapper.cfbundle; includeInIndex = 0; path = PhotoAppTests.xctest; sourceTree = BUILT_PRODUCTS_DIR; };
		18EE36C528E8B81500499BA8 /* SignupFormModelValidatorTests.swift */ = {isa = PBXFileReference; lastKnownFileType = sourcecode.swift; path = SignupFormModelValidatorTests.swift; sourceTree = "<group>"; };
		18EE36CB28E8B81500499BA8 /* PhotoAppUITests.xctest */ = {isa = PBXFileReference; explicitFileType = wrapper.cfbundle; includeInIndex = 0; path = PhotoAppUITests.xctest; sourceTree = BUILT_PRODUCTS_DIR; };
		18EE36CF28E8B81500499BA8 /* PhotoAppUITests.swift */ = {isa = PBXFileReference; lastKnownFileType = sourcecode.swift; path = PhotoAppUITests.swift; sourceTree = "<group>"; };
		18EE36D128E8B81500499BA8 /* PhotoAppUITestsLaunchTests.swift */ = {isa = PBXFileReference; lastKnownFileType = sourcecode.swift; path = PhotoAppUITestsLaunchTests.swift; sourceTree = "<group>"; };
/* End PBXFileReference section */

/* Begin PBXFrameworksBuildPhase section */
		18EE36A528E8B81200499BA8 /* Frameworks */ = {
			isa = PBXFrameworksBuildPhase;
			buildActionMask = 2147483647;
			files = (
			);
			runOnlyForDeploymentPostprocessing = 0;
		};
		18EE36BE28E8B81500499BA8 /* Frameworks */ = {
			isa = PBXFrameworksBuildPhase;
			buildActionMask = 2147483647;
			files = (
			);
			runOnlyForDeploymentPostprocessing = 0;
		};
		18EE36C828E8B81500499BA8 /* Frameworks */ = {
			isa = PBXFrameworksBuildPhase;
			buildActionMask = 2147483647;
			files = (
			);
			runOnlyForDeploymentPostprocessing = 0;
		};
/* End PBXFrameworksBuildPhase section */

/* Begin PBXGroup section */
		1813FA2228E9B8C300CF00D0 /* Network */ = {
			isa = PBXGroup;
			children = (
				18EA341E28E982A000BE09AC /* SignupWebService.swift */,
			);
			path = Network;
			sourceTree = "<group>";
		};
		1813FA2328E9B8C800CF00D0 /* Controller */ = {
			isa = PBXGroup;
			children = (
				18EE36AF28E8B81200499BA8 /* ViewController.swift */,
			);
			path = Controller;
			sourceTree = "<group>";
		};
		1813FA2428E9B8CE00CF00D0 /* Model */ = {
			isa = PBXGroup;
			children = (
				18EA341828E97ACE00BE09AC /* SignupFormModelValidator.swift */,
				18EA342028E9831000BE09AC /* SignupFormRequestModel.swift */,
				18EA341A28E97D3D00BE09AC /* SignupConstants.swift */,
				18EA342228E9842500BE09AC /* SignupResponseModel.swift */,
				18EA342428E9846500BE09AC /* SignupErrors.swift */,
			);
			path = Model;
			sourceTree = "<group>";
		};
		18EA341728E97AAA00BE09AC /* Signup */ = {
			isa = PBXGroup;
			children = (
				1813FA2428E9B8CE00CF00D0 /* Model */,
				1813FA2328E9B8C800CF00D0 /* Controller */,
				1813FA2228E9B8C300CF00D0 /* Network */,
			);
			path = Signup;
			sourceTree = "<group>";
		};
		18EE369F28E8B81200499BA8 = {
			isa = PBXGroup;
			children = (
				18EE36AA28E8B81200499BA8 /* PhotoApp */,
				18EE36C428E8B81500499BA8 /* PhotoAppTests */,
				18EE36CE28E8B81500499BA8 /* PhotoAppUITests */,
				18EE36A928E8B81200499BA8 /* Products */,
			);
			sourceTree = "<group>";
		};
		18EE36A928E8B81200499BA8 /* Products */ = {
			isa = PBXGroup;
			children = (
				18EE36A828E8B81200499BA8 /* PhotoApp.app */,
				18EE36C128E8B81500499BA8 /* PhotoAppTests.xctest */,
				18EE36CB28E8B81500499BA8 /* PhotoAppUITests.xctest */,
			);
			name = Products;
			sourceTree = "<group>";
		};
		18EE36AA28E8B81200499BA8 /* PhotoApp */ = {
			isa = PBXGroup;
			children = (
				18EA341728E97AAA00BE09AC /* Signup */,
				18EE36AB28E8B81200499BA8 /* AppDelegate.swift */,
				18EE36AD28E8B81200499BA8 /* SceneDelegate.swift */,
				18EE36B128E8B81200499BA8 /* Main.storyboard */,
				18EE36B728E8B81400499BA8 /* Assets.xcassets */,
				18EE36B928E8B81400499BA8 /* LaunchScreen.storyboard */,
				18EE36BC28E8B81400499BA8 /* Info.plist */,
				18EE36B428E8B81200499BA8 /* PhotoApp.xcdatamodeld */,
			);
			path = PhotoApp;
			sourceTree = "<group>";
		};
		18EE36C428E8B81500499BA8 /* PhotoAppTests */ = {
			isa = PBXGroup;
			children = (
				18EE36C528E8B81500499BA8 /* SignupFormModelValidatorTests.swift */,
				18EA341C28E9825800BE09AC /* SingupWebServiceTests.swift */,
				1813FA2528E9C07100CF00D0 /* MockURLProtocol.swift */,
			);
			path = PhotoAppTests;
			sourceTree = "<group>";
		};
		18EE36CE28E8B81500499BA8 /* PhotoAppUITests */ = {
			isa = PBXGroup;
			children = (
				18EE36CF28E8B81500499BA8 /* PhotoAppUITests.swift */,
				18EE36D128E8B81500499BA8 /* PhotoAppUITestsLaunchTests.swift */,
			);
			path = PhotoAppUITests;
			sourceTree = "<group>";
		};
/* End PBXGroup section */

/* Begin PBXNativeTarget section */
		18EE36A728E8B81200499BA8 /* PhotoApp */ = {
			isa = PBXNativeTarget;
			buildConfigurationList = 18EE36D528E8B81500499BA8 /* Build configuration list for PBXNativeTarget "PhotoApp" */;
			buildPhases = (
				18EE36A428E8B81200499BA8 /* Sources */,
				18EE36A528E8B81200499BA8 /* Frameworks */,
				18EE36A628E8B81200499BA8 /* Resources */,
			);
			buildRules = (
			);
			dependencies = (
			);
			name = PhotoApp;
			productName = PhotoApp;
			productReference = 18EE36A828E8B81200499BA8 /* PhotoApp.app */;
			productType = "com.apple.product-type.application";
		};
		18EE36C028E8B81500499BA8 /* PhotoAppTests */ = {
			isa = PBXNativeTarget;
			buildConfigurationList = 18EE36D828E8B81500499BA8 /* Build configuration list for PBXNativeTarget "PhotoAppTests" */;
			buildPhases = (
				18EE36BD28E8B81500499BA8 /* Sources */,
				18EE36BE28E8B81500499BA8 /* Frameworks */,
				18EE36BF28E8B81500499BA8 /* Resources */,
			);
			buildRules = (
			);
			dependencies = (
				18EE36C328E8B81500499BA8 /* PBXTargetDependency */,
			);
			name = PhotoAppTests;
			productName = PhotoAppTests;
			productReference = 18EE36C128E8B81500499BA8 /* PhotoAppTests.xctest */;
			productType = "com.apple.product-type.bundle.unit-test";
		};
		18EE36CA28E8B81500499BA8 /* PhotoAppUITests */ = {
			isa = PBXNativeTarget;
			buildConfigurationList = 18EE36DB28E8B81500499BA8 /* Build configuration list for PBXNativeTarget "PhotoAppUITests" */;
			buildPhases = (
				18EE36C728E8B81500499BA8 /* Sources */,
				18EE36C828E8B81500499BA8 /* Frameworks */,
				18EE36C928E8B81500499BA8 /* Resources */,
			);
			buildRules = (
			);
			dependencies = (
				18EE36CD28E8B81500499BA8 /* PBXTargetDependency */,
			);
			name = PhotoAppUITests;
			productName = PhotoAppUITests;
			productReference = 18EE36CB28E8B81500499BA8 /* PhotoAppUITests.xctest */;
			productType = "com.apple.product-type.bundle.ui-testing";
		};
/* End PBXNativeTarget section */

/* Begin PBXProject section */
		18EE36A028E8B81200499BA8 /* Project object */ = {
			isa = PBXProject;
			attributes = {
				BuildIndependentTargetsInParallel = 1;
				LastSwiftUpdateCheck = 1330;
				LastUpgradeCheck = 1330;
				TargetAttributes = {
					18EE36A728E8B81200499BA8 = {
						CreatedOnToolsVersion = 13.3;
					};
					18EE36C028E8B81500499BA8 = {
						CreatedOnToolsVersion = 13.3;
						TestTargetID = 18EE36A728E8B81200499BA8;
					};
					18EE36CA28E8B81500499BA8 = {
						CreatedOnToolsVersion = 13.3;
						TestTargetID = 18EE36A728E8B81200499BA8;
					};
				};
			};
			buildConfigurationList = 18EE36A328E8B81200499BA8 /* Build configuration list for PBXProject "PhotoApp" */;
			compatibilityVersion = "Xcode 13.0";
			developmentRegion = en;
			hasScannedForEncodings = 0;
			knownRegions = (
				en,
				Base,
			);
			mainGroup = 18EE369F28E8B81200499BA8;
			productRefGroup = 18EE36A928E8B81200499BA8 /* Products */;
			projectDirPath = "";
			projectRoot = "";
			targets = (
				18EE36A728E8B81200499BA8 /* PhotoApp */,
				18EE36C028E8B81500499BA8 /* PhotoAppTests */,
				18EE36CA28E8B81500499BA8 /* PhotoAppUITests */,
			);
		};
/* End PBXProject section */

/* Begin PBXResourcesBuildPhase section */
		18EE36A628E8B81200499BA8 /* Resources */ = {
			isa = PBXResourcesBuildPhase;
			buildActionMask = 2147483647;
			files = (
				18EE36BB28E8B81400499BA8 /* LaunchScreen.storyboard in Resources */,
				18EE36B828E8B81400499BA8 /* Assets.xcassets in Resources */,
				18EE36B328E8B81200499BA8 /* Main.storyboard in Resources */,
			);
			runOnlyForDeploymentPostprocessing = 0;
		};
		18EE36BF28E8B81500499BA8 /* Resources */ = {
			isa = PBXResourcesBuildPhase;
			buildActionMask = 2147483647;
			files = (
			);
			runOnlyForDeploymentPostprocessing = 0;
		};
		18EE36C928E8B81500499BA8 /* Resources */ = {
			isa = PBXResourcesBuildPhase;
			buildActionMask = 2147483647;
			files = (
			);
			runOnlyForDeploymentPostprocessing = 0;
		};
/* End PBXResourcesBuildPhase section */

/* Begin PBXSourcesBuildPhase section */
		18EE36A428E8B81200499BA8 /* Sources */ = {
			isa = PBXSourcesBuildPhase;
			buildActionMask = 2147483647;
			files = (
				18EA342528E9846500BE09AC /* SignupErrors.swift in Sources */,
				18EE36B628E8B81200499BA8 /* PhotoApp.xcdatamodeld in Sources */,
				18EA342328E9842500BE09AC /* SignupResponseModel.swift in Sources */,
				18EA341F28E982A000BE09AC /* SignupWebService.swift in Sources */,
				18EA341928E97ACE00BE09AC /* SignupFormModelValidator.swift in Sources */,
				18EA342128E9831000BE09AC /* SignupFormRequestModel.swift in Sources */,
				18EE36B028E8B81200499BA8 /* ViewController.swift in Sources */,
				18EA341B28E97D3D00BE09AC /* SignupConstants.swift in Sources */,
				18EE36AC28E8B81200499BA8 /* AppDelegate.swift in Sources */,
				18EE36AE28E8B81200499BA8 /* SceneDelegate.swift in Sources */,
			);
			runOnlyForDeploymentPostprocessing = 0;
		};
		18EE36BD28E8B81500499BA8 /* Sources */ = {
			isa = PBXSourcesBuildPhase;
			buildActionMask = 2147483647;
			files = (
				1813FA2628E9C07100CF00D0 /* MockURLProtocol.swift in Sources */,
				18EA341D28E9825800BE09AC /* SingupWebServiceTests.swift in Sources */,
				18EE36C628E8B81500499BA8 /* SignupFormModelValidatorTests.swift in Sources */,
			);
			runOnlyForDeploymentPostprocessing = 0;
		};
		18EE36C728E8B81500499BA8 /* Sources */ = {
			isa = PBXSourcesBuildPhase;
			buildActionMask = 2147483647;
			files = (
				18EE36D228E8B81500499BA8 /* PhotoAppUITestsLaunchTests.swift in Sources */,
				18EE36D028E8B81500499BA8 /* PhotoAppUITests.swift in Sources */,
			);
			runOnlyForDeploymentPostprocessing = 0;
		};
/* End PBXSourcesBuildPhase section */

/* Begin PBXTargetDependency section */
		18EE36C328E8B81500499BA8 /* PBXTargetDependency */ = {
			isa = PBXTargetDependency;
			target = 18EE36A728E8B81200499BA8 /* PhotoApp */;
			targetProxy = 18EE36C228E8B81500499BA8 /* PBXContainerItemProxy */;
		};
		18EE36CD28E8B81500499BA8 /* PBXTargetDependency */ = {
			isa = PBXTargetDependency;
			target = 18EE36A728E8B81200499BA8 /* PhotoApp */;
			targetProxy = 18EE36CC28E8B81500499BA8 /* PBXContainerItemProxy */;
		};
/* End PBXTargetDependency section */

/* Begin PBXVariantGroup section */
		18EE36B128E8B81200499BA8 /* Main.storyboard */ = {
			isa = PBXVariantGroup;
			children = (
				18EE36B228E8B81200499BA8 /* Base */,
			);
			name = Main.storyboard;
			sourceTree = "<group>";
		};
		18EE36B928E8B81400499BA8 /* LaunchScreen.storyboard */ = {
			isa = PBXVariantGroup;
			children = (
				18EE36BA28E8B81400499BA8 /* Base */,
			);
			name = LaunchScreen.storyboard;
			sourceTree = "<group>";
		};
/* End PBXVariantGroup section */

/* Begin XCBuildConfiguration section */
		18EE36D328E8B81500499BA8 /* Debug */ = {
			isa = XCBuildConfiguration;
			buildSettings = {
				ALWAYS_SEARCH_USER_PATHS = NO;
				CLANG_ANALYZER_NONNULL = YES;
				CLANG_ANALYZER_NUMBER_OBJECT_CONVERSION = YES_AGGRESSIVE;
				CLANG_CXX_LANGUAGE_STANDARD = "gnu++17";
				CLANG_ENABLE_MODULES = YES;
				CLANG_ENABLE_OBJC_ARC = YES;
				CLANG_ENABLE_OBJC_WEAK = YES;
				CLANG_WARN_BLOCK_CAPTURE_AUTORELEASING = YES;
				CLANG_WARN_BOOL_CONVERSION = YES;
				CLANG_WARN_COMMA = YES;
				CLANG_WARN_CONSTANT_CONVERSION = YES;
				CLANG_WARN_DEPRECATED_OBJC_IMPLEMENTATIONS = YES;
				CLANG_WARN_DIRECT_OBJC_ISA_USAGE = YES_ERROR;
				CLANG_WARN_DOCUMENTATION_COMMENTS = YES;
				CLANG_WARN_EMPTY_BODY = YES;
				CLANG_WARN_ENUM_CONVERSION = YES;
				CLANG_WARN_INFINITE_RECURSION = YES;
				CLANG_WARN_INT_CONVERSION = YES;
				CLANG_WARN_NON_LITERAL_NULL_CONVERSION = YES;
				CLANG_WARN_OBJC_IMPLICIT_RETAIN_SELF = YES;
				CLANG_WARN_OBJC_LITERAL_CONVERSION = YES;
				CLANG_WARN_OBJC_ROOT_CLASS = YES_ERROR;
				CLANG_WARN_QUOTED_INCLUDE_IN_FRAMEWORK_HEADER = YES;
				CLANG_WARN_RANGE_LOOP_ANALYSIS = YES;
				CLANG_WARN_STRICT_PROTOTYPES = YES;
				CLANG_WARN_SUSPICIOUS_MOVE = YES;
				CLANG_WARN_UNGUARDED_AVAILABILITY = YES_AGGRESSIVE;
				CLANG_WARN_UNREACHABLE_CODE = YES;
				CLANG_WARN__DUPLICATE_METHOD_MATCH = YES;
				COPY_PHASE_STRIP = NO;
				DEBUG_INFORMATION_FORMAT = dwarf;
				ENABLE_STRICT_OBJC_MSGSEND = YES;
				ENABLE_TESTABILITY = YES;
				GCC_C_LANGUAGE_STANDARD = gnu11;
				GCC_DYNAMIC_NO_PIC = NO;
				GCC_NO_COMMON_BLOCKS = YES;
				GCC_OPTIMIZATION_LEVEL = 0;
				GCC_PREPROCESSOR_DEFINITIONS = (
					"DEBUG=1",
					"$(inherited)",
				);
				GCC_WARN_64_TO_32_BIT_CONVERSION = YES;
				GCC_WARN_ABOUT_RETURN_TYPE = YES_ERROR;
				GCC_WARN_UNDECLARED_SELECTOR = YES;
				GCC_WARN_UNINITIALIZED_AUTOS = YES_AGGRESSIVE;
				GCC_WARN_UNUSED_FUNCTION = YES;
				GCC_WARN_UNUSED_VARIABLE = YES;
				IPHONEOS_DEPLOYMENT_TARGET = 15.4;
				MTL_ENABLE_DEBUG_INFO = INCLUDE_SOURCE;
				MTL_FAST_MATH = YES;
				ONLY_ACTIVE_ARCH = YES;
				SDKROOT = iphoneos;
				SWIFT_ACTIVE_COMPILATION_CONDITIONS = DEBUG;
				SWIFT_OPTIMIZATION_LEVEL = "-Onone";
			};
			name = Debug;
		};
		18EE36D428E8B81500499BA8 /* Release */ = {
			isa = XCBuildConfiguration;
			buildSettings = {
				ALWAYS_SEARCH_USER_PATHS = NO;
				CLANG_ANALYZER_NONNULL = YES;
				CLANG_ANALYZER_NUMBER_OBJECT_CONVERSION = YES_AGGRESSIVE;
				CLANG_CXX_LANGUAGE_STANDARD = "gnu++17";
				CLANG_ENABLE_MODULES = YES;
				CLANG_ENABLE_OBJC_ARC = YES;
				CLANG_ENABLE_OBJC_WEAK = YES;
				CLANG_WARN_BLOCK_CAPTURE_AUTORELEASING = YES;
				CLANG_WARN_BOOL_CONVERSION = YES;
				CLANG_WARN_COMMA = YES;
				CLANG_WARN_CONSTANT_CONVERSION = YES;
				CLANG_WARN_DEPRECATED_OBJC_IMPLEMENTATIONS = YES;
				CLANG_WARN_DIRECT_OBJC_ISA_USAGE = YES_ERROR;
				CLANG_WARN_DOCUMENTATION_COMMENTS = YES;
				CLANG_WARN_EMPTY_BODY = YES;
				CLANG_WARN_ENUM_CONVERSION = YES;
				CLANG_WARN_INFINITE_RECURSION = YES;
				CLANG_WARN_INT_CONVERSION = YES;
				CLANG_WARN_NON_LITERAL_NULL_CONVERSION = YES;
				CLANG_WARN_OBJC_IMPLICIT_RETAIN_SELF = YES;
				CLANG_WARN_OBJC_LITERAL_CONVERSION = YES;
				CLANG_WARN_OBJC_ROOT_CLASS = YES_ERROR;
				CLANG_WARN_QUOTED_INCLUDE_IN_FRAMEWORK_HEADER = YES;
				CLANG_WARN_RANGE_LOOP_ANALYSIS = YES;
				CLANG_WARN_STRICT_PROTOTYPES = YES;
				CLANG_WARN_SUSPICIOUS_MOVE = YES;
				CLANG_WARN_UNGUARDED_AVAILABILITY = YES_AGGRESSIVE;
				CLANG_WARN_UNREACHABLE_CODE = YES;
				CLANG_WARN__DUPLICATE_METHOD_MATCH = YES;
				COPY_PHASE_STRIP = NO;
				DEBUG_INFORMATION_FORMAT = "dwarf-with-dsym";
				ENABLE_NS_ASSERTIONS = NO;
				ENABLE_STRICT_OBJC_MSGSEND = YES;
				GCC_C_LANGUAGE_STANDARD = gnu11;
				GCC_NO_COMMON_BLOCKS = YES;
				GCC_WARN_64_TO_32_BIT_CONVERSION = YES;
				GCC_WARN_ABOUT_RETURN_TYPE = YES_ERROR;
				GCC_WARN_UNDECLARED_SELECTOR = YES;
				GCC_WARN_UNINITIALIZED_AUTOS = YES_AGGRESSIVE;
				GCC_WARN_UNUSED_FUNCTION = YES;
				GCC_WARN_UNUSED_VARIABLE = YES;
				IPHONEOS_DEPLOYMENT_TARGET = 15.4;
				MTL_ENABLE_DEBUG_INFO = NO;
				MTL_FAST_MATH = YES;
				SDKROOT = iphoneos;
				SWIFT_COMPILATION_MODE = wholemodule;
				SWIFT_OPTIMIZATION_LEVEL = "-O";
				VALIDATE_PRODUCT = YES;
			};
			name = Release;
		};
		18EE36D628E8B81500499BA8 /* Debug */ = {
			isa = XCBuildConfiguration;
			buildSettings = {
				ASSETCATALOG_COMPILER_APPICON_NAME = AppIcon;
				ASSETCATALOG_COMPILER_GLOBAL_ACCENT_COLOR_NAME = AccentColor;
				CODE_SIGN_STYLE = Automatic;
				CURRENT_PROJECT_VERSION = 1;
				DEVELOPMENT_TEAM = A8MY7W6Z5F;
				GENERATE_INFOPLIST_FILE = YES;
				INFOPLIST_FILE = PhotoApp/Info.plist;
				INFOPLIST_KEY_UIApplicationSupportsIndirectInputEvents = YES;
				INFOPLIST_KEY_UILaunchStoryboardName = LaunchScreen;
				INFOPLIST_KEY_UIMainStoryboardFile = Main;
				INFOPLIST_KEY_UISupportedInterfaceOrientations_iPad = "UIInterfaceOrientationPortrait UIInterfaceOrientationPortraitUpsideDown UIInterfaceOrientationLandscapeLeft UIInterfaceOrientationLandscapeRight";
				INFOPLIST_KEY_UISupportedInterfaceOrientations_iPhone = "UIInterfaceOrientationPortrait UIInterfaceOrientationLandscapeLeft UIInterfaceOrientationLandscapeRight";
				LD_RUNPATH_SEARCH_PATHS = (
					"$(inherited)",
					"@executable_path/Frameworks",
				);
				MARKETING_VERSION = 1.0;
				PRODUCT_BUNDLE_IDENTIFIER = com.GS.L.PhotoApp;
				PRODUCT_NAME = "$(TARGET_NAME)";
				SWIFT_EMIT_LOC_STRINGS = YES;
				SWIFT_VERSION = 5.0;
				TARGETED_DEVICE_FAMILY = "1,2";
			};
			name = Debug;
		};
		18EE36D728E8B81500499BA8 /* Release */ = {
			isa = XCBuildConfiguration;
			buildSettings = {
				ASSETCATALOG_COMPILER_APPICON_NAME = AppIcon;
				ASSETCATALOG_COMPILER_GLOBAL_ACCENT_COLOR_NAME = AccentColor;
				CODE_SIGN_STYLE = Automatic;
				CURRENT_PROJECT_VERSION = 1;
				DEVELOPMENT_TEAM = A8MY7W6Z5F;
				GENERATE_INFOPLIST_FILE = YES;
				INFOPLIST_FILE = PhotoApp/Info.plist;
				INFOPLIST_KEY_UIApplicationSupportsIndirectInputEvents = YES;
				INFOPLIST_KEY_UILaunchStoryboardName = LaunchScreen;
				INFOPLIST_KEY_UIMainStoryboardFile = Main;
				INFOPLIST_KEY_UISupportedInterfaceOrientations_iPad = "UIInterfaceOrientationPortrait UIInterfaceOrientationPortraitUpsideDown UIInterfaceOrientationLandscapeLeft UIInterfaceOrientationLandscapeRight";
				INFOPLIST_KEY_UISupportedInterfaceOrientations_iPhone = "UIInterfaceOrientationPortrait UIInterfaceOrientationLandscapeLeft UIInterfaceOrientationLandscapeRight";
				LD_RUNPATH_SEARCH_PATHS = (
					"$(inherited)",
					"@executable_path/Frameworks",
				);
				MARKETING_VERSION = 1.0;
				PRODUCT_BUNDLE_IDENTIFIER = com.GS.L.PhotoApp;
				PRODUCT_NAME = "$(TARGET_NAME)";
				SWIFT_EMIT_LOC_STRINGS = YES;
				SWIFT_VERSION = 5.0;
				TARGETED_DEVICE_FAMILY = "1,2";
			};
			name = Release;
		};
		18EE36D928E8B81500499BA8 /* Debug */ = {
			isa = XCBuildConfiguration;
			buildSettings = {
				ALWAYS_EMBED_SWIFT_STANDARD_LIBRARIES = YES;
				BUNDLE_LOADER = "$(TEST_HOST)";
				CODE_SIGN_STYLE = Automatic;
				CURRENT_PROJECT_VERSION = 1;
				DEVELOPMENT_TEAM = A8MY7W6Z5F;
				GENERATE_INFOPLIST_FILE = YES;
				IPHONEOS_DEPLOYMENT_TARGET = 15.4;
				MARKETING_VERSION = 1.0;
				PRODUCT_BUNDLE_IDENTIFIER = com.GS.L.PhotoAppTests;
				PRODUCT_NAME = "$(TARGET_NAME)";
				SWIFT_EMIT_LOC_STRINGS = NO;
				SWIFT_VERSION = 5.0;
				TARGETED_DEVICE_FAMILY = "1,2";
				TEST_HOST = "$(BUILT_PRODUCTS_DIR)/PhotoApp.app/PhotoApp";
			};
			name = Debug;
		};
		18EE36DA28E8B81500499BA8 /* Release */ = {
			isa = XCBuildConfiguration;
			buildSettings = {
				ALWAYS_EMBED_SWIFT_STANDARD_LIBRARIES = YES;
				BUNDLE_LOADER = "$(TEST_HOST)";
				CODE_SIGN_STYLE = Automatic;
				CURRENT_PROJECT_VERSION = 1;
				DEVELOPMENT_TEAM = A8MY7W6Z5F;
				GENERATE_INFOPLIST_FILE = YES;
				IPHONEOS_DEPLOYMENT_TARGET = 15.4;
				MARKETING_VERSION = 1.0;
				PRODUCT_BUNDLE_IDENTIFIER = com.GS.L.PhotoAppTests;
				PRODUCT_NAME = "$(TARGET_NAME)";
				SWIFT_EMIT_LOC_STRINGS = NO;
				SWIFT_VERSION = 5.0;
				TARGETED_DEVICE_FAMILY = "1,2";
				TEST_HOST = "$(BUILT_PRODUCTS_DIR)/PhotoApp.app/PhotoApp";
			};
			name = Release;
		};
		18EE36DC28E8B81500499BA8 /* Debug */ = {
			isa = XCBuildConfiguration;
			buildSettings = {
				ALWAYS_EMBED_SWIFT_STANDARD_LIBRARIES = YES;
				CODE_SIGN_STYLE = Automatic;
				CURRENT_PROJECT_VERSION = 1;
				DEVELOPMENT_TEAM = A8MY7W6Z5F;
				GENERATE_INFOPLIST_FILE = YES;
				MARKETING_VERSION = 1.0;
				PRODUCT_BUNDLE_IDENTIFIER = com.GS.L.PhotoAppUITests;
				PRODUCT_NAME = "$(TARGET_NAME)";
				SWIFT_EMIT_LOC_STRINGS = NO;
				SWIFT_VERSION = 5.0;
				TARGETED_DEVICE_FAMILY = "1,2";
				TEST_TARGET_NAME = PhotoApp;
			};
			name = Debug;
		};
		18EE36DD28E8B81500499BA8 /* Release */ = {
			isa = XCBuildConfiguration;
			buildSettings = {
				ALWAYS_EMBED_SWIFT_STANDARD_LIBRARIES = YES;
				CODE_SIGN_STYLE = Automatic;
				CURRENT_PROJECT_VERSION = 1;
				DEVELOPMENT_TEAM = A8MY7W6Z5F;
				GENERATE_INFOPLIST_FILE = YES;
				MARKETING_VERSION = 1.0;
				PRODUCT_BUNDLE_IDENTIFIER = com.GS.L.PhotoAppUITests;
				PRODUCT_NAME = "$(TARGET_NAME)";
				SWIFT_EMIT_LOC_STRINGS = NO;
				SWIFT_VERSION = 5.0;
				TARGETED_DEVICE_FAMILY = "1,2";
				TEST_TARGET_NAME = PhotoApp;
			};
			name = Release;
		};
/* End XCBuildConfiguration section */

/* Begin XCConfigurationList section */
		18EE36A328E8B81200499BA8 /* Build configuration list for PBXProject "PhotoApp" */ = {
			isa = XCConfigurationList;
			buildConfigurations = (
				18EE36D328E8B81500499BA8 /* Debug */,
				18EE36D428E8B81500499BA8 /* Release */,
			);
			defaultConfigurationIsVisible = 0;
			defaultConfigurationName = Release;
		};
		18EE36D528E8B81500499BA8 /* Build configuration list for PBXNativeTarget "PhotoApp" */ = {
			isa = XCConfigurationList;
			buildConfigurations = (
				18EE36D628E8B81500499BA8 /* Debug */,
				18EE36D728E8B81500499BA8 /* Release */,
			);
			defaultConfigurationIsVisible = 0;
			defaultConfigurationName = Release;
		};
		18EE36D828E8B81500499BA8 /* Build configuration list for PBXNativeTarget "PhotoAppTests" */ = {
			isa = XCConfigurationList;
			buildConfigurations = (
				18EE36D928E8B81500499BA8 /* Debug */,
				18EE36DA28E8B81500499BA8 /* Release */,
			);
			defaultConfigurationIsVisible = 0;
			defaultConfigurationName = Release;
		};
		18EE36DB28E8B81500499BA8 /* Build configuration list for PBXNativeTarget "PhotoAppUITests" */ = {
			isa = XCConfigurationList;
			buildConfigurations = (
				18EE36DC28E8B81500499BA8 /* Debug */,
				18EE36DD28E8B81500499BA8 /* Release */,
			);
			defaultConfigurationIsVisible = 0;
			defaultConfigurationName = Release;
		};
/* End XCConfigurationList section */

/* Begin XCVersionGroup section */
		18EE36B428E8B81200499BA8 /* PhotoApp.xcdatamodeld */ = {
			isa = XCVersionGroup;
			children = (
				18EE36B528E8B81200499BA8 /* PhotoApp.xcdatamodel */,
			);
			currentVersion = 18EE36B528E8B81200499BA8 /* PhotoApp.xcdatamodel */;
			path = PhotoApp.xcdatamodeld;
			sourceTree = "<group>";
			versionGroupType = wrapper.xcdatamodel;
		};
/* End XCVersionGroup section */
	};
	rootObject = 18EE36A028E8B81200499BA8 /* Project object */;
}
